
Microsoft Visual Studio Solution File, Format Version 12.00
# Visual Studio Version 16
VisualStudioVersion = 16.0.30011.22
MinimumVisualStudioVersion = 10.0.40219.1
Project("{FAE04EC0-301F-11D3-BF4B-00C04F79EFBC}") = "PROJETO - Jogo de Xadrez", "PROJETO - Jogo de Xadrez\PROJETO - Jogo de Xadrez.csproj", "{9124D47E-FBC6-40F9-BBD8-7DFC18CED480}"
EndProject
Global
	GlobalSection(SolutionConfigurationPlatforms) = preSolution
		Debug|Any CPU = Debug|Any CPU
		Release|Any CPU = Release|Any CPU
	EndGlobalSection
	GlobalSection(ProjectConfigurationPlatforms) = postSolution
		{9124D47E-FBC6-40F9-BBD8-7DFC18CED480}.Debug|Any CPU.ActiveCfg = Debug|Any CPU
		{9124D47E-FBC6-40F9-BBD8-7DFC18CED480}.Debug|Any CPU.Build.0 = Debug|Any CPU
		{9124D47E-FBC6-40F9-BBD8-7DFC18CED480}.Release|Any CPU.ActiveCfg = Release|Any CPU
		{9124D47E-FBC6-40F9-BBD8-7DFC18CED480}.Release|Any CPU.Build.0 = Release|Any CPU
	EndGlobalSection
	GlobalSection(SolutionProperties) = preSolution
		HideSolutionNode = FALSE
	EndGlobalSection
	GlobalSection(ExtensibilityGlobals) = postSolution
		SolutionGuid = {9BC4C8F7-AC8E-4481-8085-B5B7F1CDC0FF}
	EndGlobalSection
EndGlobal
